
Microsoft Visual Studio Solution File, Format Version 12.00
# Visual Studio Version 17
VisualStudioVersion = 17.11.35327.3
MinimumVisualStudioVersion = 10.0.40219.1
Project("{9A19103F-16F7-4668-BE54-9A1E7A4F7556}") = "AdventureManagement.DAL", "AdventureManagement.DAL\AdventureManagement.DAL.csproj", "{5B92B7BE-8D9B-436B-9786-F03343840568}"
EndProject
Project("{9A19103F-16F7-4668-BE54-9A1E7A4F7556}") = "AdventureManagement.BUS", "AdventureManagement.BUS\AdventureManagement.BUS.csproj", "{9BED54C6-F357-4DE7-8758-029247225591}"
EndProject
Project("{9A19103F-16F7-4668-BE54-9A1E7A4F7556}") = "AdventureManagement.PL", "AdventureManagement.PL\AdventureManagement.PL.csproj", "{62AFAC23-CFF2-4118-A286-47EE33B11305}"
EndProject
Project("{9A19103F-16F7-4668-BE54-9A1E7A4F7556}") = "AdventureManager.Blaor", "AdventureManager.Blaor\AdventureManager.Blaor.csproj", "{46897459-7B7C-461D-8BBD-8C40DB21AF30}"
EndProject
Global
	GlobalSection(SolutionConfigurationPlatforms) = preSolution
		Debug|Any CPU = Debug|Any CPU
		Release|Any CPU = Release|Any CPU
	EndGlobalSection
	GlobalSection(ProjectConfigurationPlatforms) = postSolution
		{5B92B7BE-8D9B-436B-9786-F03343840568}.Debug|Any CPU.ActiveCfg = Debug|Any CPU
		{5B92B7BE-8D9B-436B-9786-F03343840568}.Debug|Any CPU.Build.0 = Debug|Any CPU
		{5B92B7BE-8D9B-436B-9786-F03343840568}.Release|Any CPU.ActiveCfg = Release|Any CPU
		{5B92B7BE-8D9B-436B-9786-F03343840568}.Release|Any CPU.Build.0 = Release|Any CPU
		{9BED54C6-F357-4DE7-8758-029247225591}.Debug|Any CPU.ActiveCfg = Debug|Any CPU
		{9BED54C6-F357-4DE7-8758-029247225591}.Debug|Any CPU.Build.0 = Debug|Any CPU
		{9BED54C6-F357-4DE7-8758-029247225591}.Release|Any CPU.ActiveCfg = Release|Any CPU
		{9BED54C6-F357-4DE7-8758-029247225591}.Release|Any CPU.Build.0 = Release|Any CPU
		{62AFAC23-CFF2-4118-A286-47EE33B11305}.Debug|Any CPU.ActiveCfg = Debug|Any CPU
		{62AFAC23-CFF2-4118-A286-47EE33B11305}.Debug|Any CPU.Build.0 = Debug|Any CPU
		{62AFAC23-CFF2-4118-A286-47EE33B11305}.Release|Any CPU.ActiveCfg = Release|Any CPU
		{62AFAC23-CFF2-4118-A286-47EE33B11305}.Release|Any CPU.Build.0 = Release|Any CPU
		{46897459-7B7C-461D-8BBD-8C40DB21AF30}.Debug|Any CPU.ActiveCfg = Debug|Any CPU
		{46897459-7B7C-461D-8BBD-8C40DB21AF30}.Debug|Any CPU.Build.0 = Debug|Any CPU
		{46897459-7B7C-461D-8BBD-8C40DB21AF30}.Release|Any CPU.ActiveCfg = Release|Any CPU
		{46897459-7B7C-461D-8BBD-8C40DB21AF30}.Release|Any CPU.Build.0 = Release|Any CPU
	EndGlobalSection
	GlobalSection(SolutionProperties) = preSolution
		HideSolutionNode = FALSE
	EndGlobalSection
	GlobalSection(ExtensibilityGlobals) = postSolution
		SolutionGuid = {B657CDEB-5057-4170-9CB6-E734F7450F15}
	EndGlobalSection
EndGlobal
